
Microsoft Visual Studio Solution File, Format Version 12.00
# Visual Studio 15
VisualStudioVersion = 15.0.27130.2036
MinimumVisualStudioVersion = 10.0.40219.1
Project("{888888A0-9F3D-457C-B088-3A5042F75D52}") = "PCIeBandwidthGUI", "KivyGui\PCIeBandwidthGUI.pyproj", "{F2C515A7-143F-4086-9CCB-110CC663CDBF}"
EndProject
Global
	GlobalSection(SolutionConfigurationPlatforms) = preSolution
		Debug|Any CPU = Debug|Any CPU
		Release|Any CPU = Release|Any CPU
	EndGlobalSection
	GlobalSection(ProjectConfigurationPlatforms) = postSolution
		{F2C515A7-143F-4086-9CCB-110CC663CDBF}.Debug|Any CPU.ActiveCfg = Debug|Any CPU
		{F2C515A7-143F-4086-9CCB-110CC663CDBF}.Release|Any CPU.ActiveCfg = Release|Any CPU
	EndGlobalSection
	GlobalSection(SolutionProperties) = preSolution
		HideSolutionNode = FALSE
	EndGlobalSection
	GlobalSection(ExtensibilityGlobals) = postSolution
		SolutionGuid = {F7C6AEFF-AC3A-434F-B8EB-CB399E6436F3}
	EndGlobalSection
EndGlobal
